
Microsoft Visual Studio Solution File, Format Version 12.00
# Visual Studio Version 17
VisualStudioVersion = 17.7.34031.279
MinimumVisualStudioVersion = 10.0.40219.1
Project("{FAE04EC0-301F-11D3-BF4B-00C04F79EFBC}") = "PriceCalculator", "PriceCalculator\PriceCalculator.csproj", "{3BA0D656-6F20-483B-937B-E977A89826F1}"
EndProject
Global
	GlobalSection(SolutionConfigurationPlatforms) = preSolution
		Debug|Any CPU = Debug|Any CPU
		Release|Any CPU = Release|Any CPU
	EndGlobalSection
	GlobalSection(ProjectConfigurationPlatforms) = postSolution
		{3BA0D656-6F20-483B-937B-E977A89826F1}.Debug|Any CPU.ActiveCfg = Debug|Any CPU
		{3BA0D656-6F20-483B-937B-E977A89826F1}.Debug|Any CPU.Build.0 = Debug|Any CPU
		{3BA0D656-6F20-483B-937B-E977A89826F1}.Release|Any CPU.ActiveCfg = Release|Any CPU
		{3BA0D656-6F20-483B-937B-E977A89826F1}.Release|Any CPU.Build.0 = Release|Any CPU
	EndGlobalSection
	GlobalSection(SolutionProperties) = preSolution
		HideSolutionNode = FALSE
	EndGlobalSection
	GlobalSection(ExtensibilityGlobals) = postSolution
		SolutionGuid = {4482F887-65FE-454A-84AF-A05BB96755FE}
	EndGlobalSection
EndGlobal
